
Microsoft Visual Studio Solution File, Format Version 12.00
# Visual Studio Version 17
VisualStudioVersion = 17.4.33122.133
MinimumVisualStudioVersion = 10.0.40219.1
Project("{FAE04EC0-301F-11D3-BF4B-00C04F79EFBC}") = "PartialClass", "PartialClass\PartialClass.csproj", "{A334458B-61D9-4BE3-934D-373ED1CE47D7}"
EndProject
Global
	GlobalSection(SolutionConfigurationPlatforms) = preSolution
		Debug|Any CPU = Debug|Any CPU
		Release|Any CPU = Release|Any CPU
	EndGlobalSection
	GlobalSection(ProjectConfigurationPlatforms) = postSolution
		{A334458B-61D9-4BE3-934D-373ED1CE47D7}.Debug|Any CPU.ActiveCfg = Debug|Any CPU
		{A334458B-61D9-4BE3-934D-373ED1CE47D7}.Debug|Any CPU.Build.0 = Debug|Any CPU
		{A334458B-61D9-4BE3-934D-373ED1CE47D7}.Release|Any CPU.ActiveCfg = Release|Any CPU
		{A334458B-61D9-4BE3-934D-373ED1CE47D7}.Release|Any CPU.Build.0 = Release|Any CPU
	EndGlobalSection
	GlobalSection(SolutionProperties) = preSolution
		HideSolutionNode = FALSE
	EndGlobalSection
	GlobalSection(ExtensibilityGlobals) = postSolution
		SolutionGuid = {4E86A200-5608-47E9-9579-41253EE2CC01}
	EndGlobalSection
EndGlobal
